Microsoft Visual Studio Solution File, Format Version 12.00
# Visual Studio Version 17
VisualStudioVersion = 17.5.2.0
MinimumVisualStudioVersion = 10.0.40219.1
Project("{FAE04EC0-301F-11D3-BF4B-00C04F79EFBC}") = "EventsConsumer", "EventsConsumer.csproj", "{7114DB8D-59BA-8E14-0095-615069BD36A9}"
EndProject
Global
	GlobalSection(SolutionConfigurationPlatforms) = preSolution
		Debug|Any CPU = Debug|Any CPU
		Release|Any CPU = Release|Any CPU
	EndGlobalSection
	GlobalSection(ProjectConfigurationPlatforms) = postSolution
		{7114DB8D-59BA-8E14-0095-615069BD36A9}.Debug|Any CPU.ActiveCfg = Debug|Any CPU
		{7114DB8D-59BA-8E14-0095-615069BD36A9}.Debug|Any CPU.Build.0 = Debug|Any CPU
		{7114DB8D-59BA-8E14-0095-615069BD36A9}.Release|Any CPU.ActiveCfg = Release|Any CPU
		{7114DB8D-59BA-8E14-0095-615069BD36A9}.Release|Any CPU.Build.0 = Release|Any CPU
	EndGlobalSection
	GlobalSection(SolutionProperties) = preSolution
		HideSolutionNode = FALSE
	EndGlobalSection
	GlobalSection(ExtensibilityGlobals) = postSolution
		SolutionGuid = {C6BD6B7F-0EB5-4171-BE83-29A0C0126924}
	EndGlobalSection
EndGlobal
